
Microsoft Visual Studio Solution File, Format Version 12.00
# Visual Studio 2012
Project("{FAE04EC0-301F-11D3-BF4B-00C04F79EFBC}") = "Tcp.Sync.Server", "Tcp.Sync.Server\Tcp.Sync.Server.csproj", "{E29606CB-CF21-4FAE-8B62-89579D1B4C58}"
EndProject
Project("{FAE04EC0-301F-11D3-BF4B-00C04F79EFBC}") = "Tcp.Sync.Client", "Tcp.Sync.Client\Tcp.Sync.Client.csproj", "{4B27B858-A07C-4DB1-9E26-DE498CF31985}"
EndProject
Project("{FAE04EC0-301F-11D3-BF4B-00C04F79EFBC}") = "Udp.Sync.Server", "Udp.Sync.Server\Udp.Sync.Server.csproj", "{C6C640AE-5BEB-4910-8D7A-1913DB1B411C}"
EndProject
Project("{FAE04EC0-301F-11D3-BF4B-00C04F79EFBC}") = "Udp.Sync.Client", "Udp.Sync.Client\Udp.Sync.Client.csproj", "{F237DDEB-95B0-4B63-BA13-A4A7628A6B96}"
EndProject
Project("{FAE04EC0-301F-11D3-BF4B-00C04F79EFBC}") = "NetworkSamples.Model", "NetworkSamples.Model\NetworkSamples.Model.csproj", "{CB0A3155-DD28-41CD-9B9D-55D0199CD55C}"
EndProject
Project("{FAE04EC0-301F-11D3-BF4B-00C04F79EFBC}") = "Tcp.Server.Threading", "Tcp.Server.Threading\Tcp.Server.Threading.csproj", "{C05CF5AE-D7C2-4CF7-B989-32F44515B3AB}"
EndProject
Project("{FAE04EC0-301F-11D3-BF4B-00C04F79EFBC}") = "Tcp.Server.Multiuser", "Tcp.Server.Multiuser\Tcp.Server.Multiuser.csproj", "{81345E2A-6092-45EE-BDA9-6C897D16C5C3}"
EndProject
Project("{FAE04EC0-301F-11D3-BF4B-00C04F79EFBC}") = "Udp.Server.Threading", "Udp.Server.Threading\Udp.Server.Threading.csproj", "{08BC3D4E-48F5-47CB-BF1D-D0F31EC73D86}"
EndProject
Global
	GlobalSection(SolutionConfigurationPlatforms) = preSolution
		Debug|Any CPU = Debug|Any CPU
		Release|Any CPU = Release|Any CPU
	EndGlobalSection
	GlobalSection(ProjectConfigurationPlatforms) = postSolution
		{E29606CB-CF21-4FAE-8B62-89579D1B4C58}.Debug|Any CPU.ActiveCfg = Debug|Any CPU
		{E29606CB-CF21-4FAE-8B62-89579D1B4C58}.Debug|Any CPU.Build.0 = Debug|Any CPU
		{E29606CB-CF21-4FAE-8B62-89579D1B4C58}.Release|Any CPU.ActiveCfg = Release|Any CPU
		{E29606CB-CF21-4FAE-8B62-89579D1B4C58}.Release|Any CPU.Build.0 = Release|Any CPU
		{4B27B858-A07C-4DB1-9E26-DE498CF31985}.Debug|Any CPU.ActiveCfg = Debug|Any CPU
		{4B27B858-A07C-4DB1-9E26-DE498CF31985}.Debug|Any CPU.Build.0 = Debug|Any CPU
		{4B27B858-A07C-4DB1-9E26-DE498CF31985}.Release|Any CPU.ActiveCfg = Release|Any CPU
		{4B27B858-A07C-4DB1-9E26-DE498CF31985}.Release|Any CPU.Build.0 = Release|Any CPU
		{C6C640AE-5BEB-4910-8D7A-1913DB1B411C}.Debug|Any CPU.ActiveCfg = Debug|Any CPU
		{C6C640AE-5BEB-4910-8D7A-1913DB1B411C}.Debug|Any CPU.Build.0 = Debug|Any CPU
		{C6C640AE-5BEB-4910-8D7A-1913DB1B411C}.Release|Any CPU.ActiveCfg = Release|Any CPU
		{C6C640AE-5BEB-4910-8D7A-1913DB1B411C}.Release|Any CPU.Build.0 = Release|Any CPU
		{F237DDEB-95B0-4B63-BA13-A4A7628A6B96}.Debug|Any CPU.ActiveCfg = Debug|Any CPU
		{F237DDEB-95B0-4B63-BA13-A4A7628A6B96}.Debug|Any CPU.Build.0 = Debug|Any CPU
		{F237DDEB-95B0-4B63-BA13-A4A7628A6B96}.Release|Any CPU.ActiveCfg = Release|Any CPU
		{F237DDEB-95B0-4B63-BA13-A4A7628A6B96}.Release|Any CPU.Build.0 = Release|Any CPU
		{CB0A3155-DD28-41CD-9B9D-55D0199CD55C}.Debug|Any CPU.ActiveCfg = Debug|Any CPU
		{CB0A3155-DD28-41CD-9B9D-55D0199CD55C}.Debug|Any CPU.Build.0 = Debug|Any CPU
		{CB0A3155-DD28-41CD-9B9D-55D0199CD55C}.Release|Any CPU.ActiveCfg = Release|Any CPU
		{CB0A3155-DD28-41CD-9B9D-55D0199CD55C}.Release|Any CPU.Build.0 = Release|Any CPU
		{C05CF5AE-D7C2-4CF7-B989-32F44515B3AB}.Debug|Any CPU.ActiveCfg = Debug|Any CPU
		{C05CF5AE-D7C2-4CF7-B989-32F44515B3AB}.Debug|Any CPU.Build.0 = Debug|Any CPU
		{C05CF5AE-D7C2-4CF7-B989-32F44515B3AB}.Release|Any CPU.ActiveCfg = Release|Any CPU
		{C05CF5AE-D7C2-4CF7-B989-32F44515B3AB}.Release|Any CPU.Build.0 = Release|Any CPU
		{81345E2A-6092-45EE-BDA9-6C897D16C5C3}.Debug|Any CPU.ActiveCfg = Debug|Any CPU
		{81345E2A-6092-45EE-BDA9-6C897D16C5C3}.Debug|Any CPU.Build.0 = Debug|Any CPU
		{81345E2A-6092-45EE-BDA9-6C897D16C5C3}.Release|Any CPU.ActiveCfg = Release|Any CPU
		{81345E2A-6092-45EE-BDA9-6C897D16C5C3}.Release|Any CPU.Build.0 = Release|Any CPU
		{08BC3D4E-48F5-47CB-BF1D-D0F31EC73D86}.Debug|Any CPU.ActiveCfg = Debug|Any CPU
		{08BC3D4E-48F5-47CB-BF1D-D0F31EC73D86}.Debug|Any CPU.Build.0 = Debug|Any CPU
		{08BC3D4E-48F5-47CB-BF1D-D0F31EC73D86}.Release|Any CPU.ActiveCfg = Release|Any CPU
		{08BC3D4E-48F5-47CB-BF1D-D0F31EC73D86}.Release|Any CPU.Build.0 = Release|Any CPU
	EndGlobalSection
	GlobalSection(SolutionProperties) = preSolution
		HideSolutionNode = FALSE
	EndGlobalSection
EndGlobal
